
Microsoft Visual Studio Solution File, Format Version 12.00
# Visual Studio 15
VisualStudioVersion = 15.0.27703.2000
MinimumVisualStudioVersion = 10.0.40219.1
Project("{FAE04EC0-301F-11D3-BF4B-00C04F79EFBC}") = "Lab21_CoffeeShopWebApplication", "Lab21_CoffeeShopWebApplication\Lab21_CoffeeShopWebApplication.csproj", "{513601C4-261F-4DFB-B323-6C273490A689}"
EndProject
Project("{2150E333-8FDC-42A3-9474-1A3956D46DE8}") = "Solution Items", "Solution Items", "{22304EF2-467A-4D3D-B92B-0DC93D2E1667}"
	ProjectSection(SolutionItems) = preProject
		.gitignore = .gitignore
	EndProjectSection
EndProject
Global
	GlobalSection(SolutionConfigurationPlatforms) = preSolution
		Debug|Any CPU = Debug|Any CPU
		Release|Any CPU = Release|Any CPU
	EndGlobalSection
	GlobalSection(ProjectConfigurationPlatforms) = postSolution
		{513601C4-261F-4DFB-B323-6C273490A689}.Debug|Any CPU.ActiveCfg = Debug|Any CPU
		{513601C4-261F-4DFB-B323-6C273490A689}.Debug|Any CPU.Build.0 = Debug|Any CPU
		{513601C4-261F-4DFB-B323-6C273490A689}.Release|Any CPU.ActiveCfg = Release|Any CPU
		{513601C4-261F-4DFB-B323-6C273490A689}.Release|Any CPU.Build.0 = Release|Any CPU
	EndGlobalSection
	GlobalSection(SolutionProperties) = preSolution
		HideSolutionNode = FALSE
	EndGlobalSection
	GlobalSection(ExtensibilityGlobals) = postSolution
		SolutionGuid = {4AED3CE3-7615-402B-BE24-AD6561583BD5}
	EndGlobalSection
EndGlobal
